
Microsoft Visual Studio Solution File, Format Version 11.00
# Visual Studio 2010
Project("{FAE04EC0-301F-11D3-BF4B-00C04F79EFBC}") = "MavenThought.MovieLibrary", "main\MavenThought.MovieLibrary\MavenThought.MovieLibrary.csproj", "{BB5721B2-E247-404F-AEA5-65BE5C582B58}"
EndProject
Project("{2150E333-8FDC-42A3-9474-1A3956D46DE8}") = "Tests", "Tests", "{87847153-715A-423D-8B87-0D6FFD41DCFA}"
EndProject
Project("{FAE04EC0-301F-11D3-BF4B-00C04F79EFBC}") = "MavenThought.IoCDemo.Tests", "tests\MavenThought.IoCDemo.Tests\MavenThought.IoCDemo.Tests.csproj", "{44E3A243-C1C3-446D-97A0-5803834E51C4}"
EndProject
Global
	GlobalSection(SolutionConfigurationPlatforms) = preSolution
		Debug|Any CPU = Debug|Any CPU
		Release|Any CPU = Release|Any CPU
	EndGlobalSection
	GlobalSection(ProjectConfigurationPlatforms) = postSolution
		{BB5721B2-E247-404F-AEA5-65BE5C582B58}.Debug|Any CPU.ActiveCfg = Debug|Any CPU
		{BB5721B2-E247-404F-AEA5-65BE5C582B58}.Debug|Any CPU.Build.0 = Debug|Any CPU
		{BB5721B2-E247-404F-AEA5-65BE5C582B58}.Release|Any CPU.ActiveCfg = Release|Any CPU
		{BB5721B2-E247-404F-AEA5-65BE5C582B58}.Release|Any CPU.Build.0 = Release|Any CPU
		{44E3A243-C1C3-446D-97A0-5803834E51C4}.Debug|Any CPU.ActiveCfg = Debug|Any CPU
		{44E3A243-C1C3-446D-97A0-5803834E51C4}.Debug|Any CPU.Build.0 = Debug|Any CPU
		{44E3A243-C1C3-446D-97A0-5803834E51C4}.Release|Any CPU.ActiveCfg = Release|Any CPU
		{44E3A243-C1C3-446D-97A0-5803834E51C4}.Release|Any CPU.Build.0 = Release|Any CPU
	EndGlobalSection
	GlobalSection(SolutionProperties) = preSolution
		HideSolutionNode = FALSE
	EndGlobalSection
	GlobalSection(NestedProjects) = preSolution
		{44E3A243-C1C3-446D-97A0-5803834E51C4} = {87847153-715A-423D-8B87-0D6FFD41DCFA}
	EndGlobalSection
EndGlobal
